// !$*UTF8*$!
{
	archiveVersion = 1;
	classes = {
	};
	objectVersion = 46;
	objects = {

/* Begin PBXBuildFile section */
		2265B0201D4426EA00F52030 /* AppDelegate.swift in Sources */ = {isa = PBXBuildFile; fileRef = 2265B01F1D4426EA00F52030 /* AppDelegate.swift */; };
		2265B0221D4426EA00F52030 /* ViewController.swift in Sources */ = {isa = PBXBuildFile; fileRef = 2265B0211D4426EA00F52030 /* ViewController.swift */; };
		2265B0251D4426EA00F52030 /* Main.storyboard in Resources */ = {isa = PBXBuildFile; fileRef = 2265B0231D4426EA00F52030 /* Main.storyboard */; };
		2265B0271D4426EA00F52030 /* Assets.xcassets in Resources */ = {isa = PBXBuildFile; fileRef = 2265B0261D4426EA00F52030 /* Assets.xcassets */; };
		2265B02A1D4426EA00F52030 /* LaunchScreen.storyboard in Resources */ = {isa = PBXBuildFile; fileRef = 2265B0281D4426EA00F52030 /* LaunchScreen.storyboard */; };
		2265B0321D44271200F52030 /* RGSDotSequenceView.swift in Sources */ = {isa = PBXBuildFile; fileRef = 2265B0311D44271200F52030 /* RGSDotSequenceView.swift */; };
/* End PBXBuildFile section */

/* Begin PBXFileReference section */
		2265B01C1D4426EA00F52030 /* RGSDotSequenceView.app */ = {isa = PBXFileReference; explicitFileType = wrapper.application; includeInIndex = 0; path = RGSDotSequenceView.app; sourceTree = BUILT_PRODUCTS_DIR; };
		2265B01F1D4426EA00F52030 /* AppDelegate.swift */ = {isa = PBXFileReference; lastKnownFileType = sourcecode.swift; path = AppDelegate.swift; sourceTree = "<group>"; };
		2265B0211D4426EA00F52030 /* ViewController.swift */ = {isa = PBXFileReference; lastKnownFileType = sourcecode.swift; path = ViewController.swift; sourceTree = "<group>"; };
		2265B0241D4426EA00F52030 /* Base */ = {isa = PBXFileReference; lastKnownFileType = file.storyboard; name = Base; path = Base.lproj/Main.storyboard; sourceTree = "<group>"; };
		2265B0261D4426EA00F52030 /* Assets.xcassets */ = {isa = PBXFileReference; lastKnownFileType = folder.assetcatalog; path = Assets.xcassets; sourceTree = "<group>"; };
		2265B0291D4426EA00F52030 /* Base */ = {isa = PBXFileReference; lastKnownFileType = file.storyboard; name = Base; path = Base.lproj/LaunchScreen.storyboard; sourceTree = "<group>"; };
		2265B02B1D4426EA00F52030 /* Info.plist */ = {isa = PBXFileReference; lastKnownFileType = text.plist.xml; path = Info.plist; sourceTree = "<group>"; };
		2265B0311D44271200F52030 /* RGSDotSequenceView.swift */ = {isa = PBXFileReference; fileEncoding = 4; lastKnownFileType = sourcecode.swift; path = RGSDotSequenceView.swift; sourceTree = "<group>"; };
/* End PBXFileReference section */

/* Begin PBXFrameworksBuildPhase section */
		2265B0191D4426EA00F52030 /* Frameworks */ = {
			isa = PBXFrameworksBuildPhase;
			buildActionMask = 2147483647;
			files = (
			);
			runOnlyForDeploymentPostprocessing = 0;
		};
/* End PBXFrameworksBuildPhase section */

/* Begin PBXGroup section */
		2265B0131D4426EA00F52030 = {
			isa = PBXGroup;
			children = (
				2265B01E1D4426EA00F52030 /* RGSDotSequenceView */,
				2265B01D1D4426EA00F52030 /* Products */,
			);
			sourceTree = "<group>";
		};
		2265B01D1D4426EA00F52030 /* Products */ = {
			isa = PBXGroup;
			children = (
				2265B01C1D4426EA00F52030 /* RGSDotSequenceView.app */,
			);
			name = Products;
			sourceTree = "<group>";
		};
		2265B01E1D4426EA00F52030 /* RGSDotSequenceView */ = {
			isa = PBXGroup;
			children = (
				2265B0311D44271200F52030 /* RGSDotSequenceView.swift */,
				2265B01F1D4426EA00F52030 /* AppDelegate.swift */,
				2265B0211D4426EA00F52030 /* ViewController.swift */,
				2265B0231D4426EA00F52030 /* Main.storyboard */,
				2265B0261D4426EA00F52030 /* Assets.xcassets */,
				2265B0281D4426EA00F52030 /* LaunchScreen.storyboard */,
				2265B02B1D4426EA00F52030 /* Info.plist */,
			);
			path = RGSDotSequenceView;
			sourceTree = "<group>";
		};
/* End PBXGroup section */

/* Begin PBXNativeTarget section */
		2265B01B1D4426EA00F52030 /* RGSDotSequenceView */ = {
			isa = PBXNativeTarget;
			buildConfigurationList = 2265B02E1D4426EA00F52030 /* Build configuration list for PBXNativeTarget "RGSDotSequenceView" */;
			buildPhases = (
				2265B0181D4426EA00F52030 /* Sources */,
				2265B0191D4426EA00F52030 /* Frameworks */,
				2265B01A1D4426EA00F52030 /* Resources */,
			);
			buildRules = (
			);
			dependencies = (
			);
			name = RGSDotSequenceView;
			productName = RGSDotSequenceView;
			productReference = 2265B01C1D4426EA00F52030 /* RGSDotSequenceView.app */;
			productType = "com.apple.product-type.application";
		};
/* End PBXNativeTarget section */

/* Begin PBXProject section */
		2265B0141D4426EA00F52030 /* Project object */ = {
			isa = PBXProject;
			attributes = {
				LastSwiftUpdateCheck = 0730;
				LastUpgradeCheck = 0730;
				ORGANIZATIONNAME = "Randel Smith rs@randelsmith.com";
				TargetAttributes = {
					2265B01B1D4426EA00F52030 = {
						CreatedOnToolsVersion = 7.3.1;
					};
				};
			};
			buildConfigurationList = 2265B0171D4426EA00F52030 /* Build configuration list for PBXProject "RGSDotSequenceView" */;
			compatibilityVersion = "Xcode 3.2";
			developmentRegion = English;
			hasScannedForEncodings = 0;
			knownRegions = (
				en,
				Base,
			);
			mainGroup = 2265B0131D4426EA00F52030;
			productRefGroup = 2265B01D1D4426EA00F52030 /* Products */;
			projectDirPath = "";
			projectRoot = "";
			targets = (
				2265B01B1D4426EA00F52030 /* RGSDotSequenceView */,
			);
		};
/* End PBXProject section */

/* Begin PBXResourcesBuildPhase section */
		2265B01A1D4426EA00F52030 /* Resources */ = {
			isa = PBXResourcesBuildPhase;
			buildActionMask = 2147483647;
			files = (
				2265B02A1D4426EA00F52030 /* LaunchScreen.storyboard in Resources */,
				2265B0271D4426EA00F52030 /* Assets.xcassets in Resources */,
				2265B0251D4426EA00F52030 /* Main.storyboard in Resources */,
			);
			runOnlyForDeploymentPostprocessing = 0;
		};
/* End PBXResourcesBuildPhase section */

/* Begin PBXSourcesBuildPhase section */
		2265B0181D4426EA00F52030 /* Sources */ = {
			isa = PBXSourcesBuildPhase;
			buildActionMask = 2147483647;
			files = (
				2265B0221D4426EA00F52030 /* ViewController.swift in Sources */,
				2265B0321D44271200F52030 /* RGSDotSequenceView.swift in Sources */,
				2265B0201D4426EA00F52030 /* AppDelegate.swift in Sources */,
			);
			runOnlyForDeploymentPostprocessing = 0;
		};
/* End PBXSourcesBuildPhase section */

/* Begin PBXVariantGroup section */
		2265B0231D4426EA00F52030 /* Main.storyboard */ = {
			isa = PBXVariantGroup;
			children = (
				2265B0241D4426EA00F52030 /* Base */,
			);
			name = Main.storyboard;
			sourceTree = "<group>";
		};
		2265B0281D4426EA00F52030 /* LaunchScreen.storyboard */ = {
			isa = PBXVariantGroup;
			children = (
				2265B0291D4426EA00F52030 /* Base */,
			);
			name = LaunchScreen.storyboard;
			sourceTree = "<group>";
		};
/* End PBXVariantGroup section */

/* Begin XCBuildConfiguration section */
		2265B02C1D4426EA00F52030 /* Debug */ = {
			isa = XCBuildConfiguration;
			buildSettings = {
				ALWAYS_SEARCH_USER_PATHS = NO;
				CLANG_ANALYZER_NONNULL = YES;
				CLANG_CXX_LANGUAGE_STANDARD = "gnu++0x";
				CLANG_CXX_LIBRARY = "libc++";
				CLANG_ENABLE_MODULES = YES;
				CLANG_ENABLE_OBJC_ARC = YES;
				CLANG_WARN_BOOL_CONVERSION = YES;
				CLANG_WARN_CONSTANT_CONVERSION = YES;
				CLANG_WARN_DIRECT_OBJC_ISA_USAGE = YES_ERROR;
				CLANG_WARN_EMPTY_BODY = YES;
				CLANG_WARN_ENUM_CONVERSION = YES;
				CLANG_WARN_INT_CONVERSION = YES;
				CLANG_WARN_OBJC_ROOT_CLASS = YES_ERROR;
				CLANG_WARN_UNREACHABLE_CODE = YES;
				CLANG_WARN__DUPLICATE_METHOD_MATCH = YES;
				"CODE_SIGN_IDENTITY[sdk=iphoneos*]" = "iPhone Developer";
				COPY_PHASE_STRIP = NO;
				DEBUG_INFORMATION_FORMAT = dwarf;
				ENABLE_STRICT_OBJC_MSGSEND = YES;
				ENABLE_TESTABILITY = YES;
				GCC_C_LANGUAGE_STANDARD = gnu99;
				GCC_DYNAMIC_NO_PIC = NO;
				GCC_NO_COMMON_BLOCKS = YES;
				GCC_OPTIMIZATION_LEVEL = 0;
				GCC_PREPROCESSOR_DEFINITIONS = (
					"DEBUG=1",
					"$(inherited)",
				);
				GCC_WARN_64_TO_32_BIT_CONVERSION = YES;
				GCC_WARN_ABOUT_RETURN_TYPE = YES_ERROR;
				GCC_WARN_UNDECLARED_SELECTOR = YES;
				GCC_WARN_UNINITIALIZED_AUTOS = YES_AGGRESSIVE;
				GCC_WARN_UNUSED_FUNCTION = YES;
				GCC_WARN_UNUSED_VARIABLE = YES;
				IPHONEOS_DEPLOYMENT_TARGET = 9.3;
				MTL_ENABLE_DEBUG_INFO = YES;
				ONLY_ACTIVE_ARCH = YES;
				SDKROOT = iphoneos;
				SWIFT_OPTIMIZATION_LEVEL = "-Onone";
				TARGETED_DEVICE_FAMILY = "1,2";
			};
			name = Debug;
		};
		2265B02D1D4426EA00F52030 /* Release */ = {
			isa = XCBuildConfiguration;
			buildSettings = {
				ALWAYS_SEARCH_USER_PATHS = NO;
				CLANG_ANALYZER_NONNULL = YES;
				CLANG_CXX_LANGUAGE_STANDARD = "gnu++0x";
				CLANG_CXX_LIBRARY = "libc++";
				CLANG_ENABLE_MODULES = YES;
				CLANG_ENABLE_OBJC_ARC = YES;
				CLANG_WARN_BOOL_CONVERSION = YES;
				CLANG_WARN_CONSTANT_CONVERSION = YES;
				CLANG_WARN_DIRECT_OBJC_ISA_USAGE = YES_ERROR;
				CLANG_WARN_EMPTY_BODY = YES;
				CLANG_WARN_ENUM_CONVERSION = YES;
				CLANG_WARN_INT_CONVERSION = YES;
				CLANG_WARN_OBJC_ROOT_CLASS = YES_ERROR;
				CLANG_WARN_UNREACHABLE_CODE = YES;
				CLANG_WARN__DUPLICATE_METHOD_MATCH = YES;
				"CODE_SIGN_IDENTITY[sdk=iphoneos*]" = "iPhone Developer";
				COPY_PHASE_STRIP = NO;
				DEBUG_INFORMATION_FORMAT = "dwarf-with-dsym";
				ENABLE_NS_ASSERTIONS = NO;
				ENABLE_STRICT_OBJC_MSGSEND = YES;
				GCC_C_LANGUAGE_STANDARD = gnu99;
				GCC_NO_COMMON_BLOCKS = YES;
				GCC_WARN_64_TO_32_BIT_CONVERSION = YES;
				GCC_WARN_ABOUT_RETURN_TYPE = YES_ERROR;
				GCC_WARN_UNDECLARED_SELECTOR = YES;
				GCC_WARN_UNINITIALIZED_AUTOS = YES_AGGRESSIVE;
				GCC_WARN_UNUSED_FUNCTION = YES;
				GCC_WARN_UNUSED_VARIABLE = YES;
				IPHONEOS_DEPLOYMENT_TARGET = 9.3;
				MTL_ENABLE_DEBUG_INFO = NO;
				SDKROOT = iphoneos;
				TARGETED_DEVICE_FAMILY = "1,2";
				VALIDATE_PRODUCT = YES;
			};
			name = Release;
		};
		2265B02F1D4426EA00F52030 /* Debug */ = {
			isa = XCBuildConfiguration;
			buildSettings = {
				ASSETCATALOG_COMPILER_APPICON_NAME = AppIcon;
				INFOPLIST_FILE = RGSDotSequenceView/Info.plist;
				LD_RUNPATH_SEARCH_PATHS = "$(inherited) @executable_path/Frameworks";
				PRODUCT_BUNDLE_IDENTIFIER = com.Software.RGSDotSequenceView;
				PRODUCT_NAME = "$(TARGET_NAME)";
			};
			name = Debug;
		};
		2265B0301D4426EA00F52030 /* Release */ = {
			isa = XCBuildConfiguration;
			buildSettings = {
				ASSETCATALOG_COMPILER_APPICON_NAME = AppIcon;
				INFOPLIST_FILE = RGSDotSequenceView/Info.plist;
				LD_RUNPATH_SEARCH_PATHS = "$(inherited) @executable_path/Frameworks";
				PRODUCT_BUNDLE_IDENTIFIER = com.Software.RGSDotSequenceView;
				PRODUCT_NAME = "$(TARGET_NAME)";
			};
			name = Release;
		};
/* End XCBuildConfiguration section */

/* Begin XCConfigurationList section */
		2265B0171D4426EA00F52030 /* Build configuration list for PBXProject "RGSDotSequenceView" */ = {
			isa = XCConfigurationList;
			buildConfigurations = (
				2265B02C1D4426EA00F52030 /* Debug */,
				2265B02D1D4426EA00F52030 /* Release */,
			);
			defaultConfigurationIsVisible = 0;
			defaultConfigurationName = Release;
		};
		2265B02E1D4426EA00F52030 /* Build configuration list for PBXNativeTarget "RGSDotSequenceView" */ = {
			isa = XCConfigurationList;
			buildConfigurations = (
				2265B02F1D4426EA00F52030 /* Debug */,
				2265B0301D4426EA00F52030 /* Release */,
			);
			defaultConfigurationIsVisible = 0;
		};
/* End XCConfigurationList section */
	};
	rootObject = 2265B0141D4426EA00F52030 /* Project object */;
}
